
Microsoft Visual Studio Solution File, Format Version 12.00
# Visual Studio Version 17
VisualStudioVersion = 17.3.32804.467
MinimumVisualStudioVersion = 10.0.40219.1
Project("{9A19103F-16F7-4668-BE54-9A1E7A4F7556}") = "server", "server\server.csproj", "{3C09B70E-A46C-4731-BC75-09967A4B0071}"
EndProject
Project("{9A19103F-16F7-4668-BE54-9A1E7A4F7556}") = "server_DMODEL", "server_DMODEL\server_DMODEL.csproj", "{79050694-F803-4A85-9D96-DCC937CA2925}"
EndProject
Project("{9A19103F-16F7-4668-BE54-9A1E7A4F7556}") = "server_Database", "server_Database\server_Database.csproj", "{B26B1D3B-D7BC-41AE-8FC4-6A7B8B00DF55}"
EndProject
Project("{9A19103F-16F7-4668-BE54-9A1E7A4F7556}") = "server.Data", "server.Data\server.Data.csproj", "{F444AA16-18C2-4568-B73C-59A9545A88CB}"
EndProject
Project("{9A19103F-16F7-4668-BE54-9A1E7A4F7556}") = "server.Model", "server.Model\server.Model.csproj", "{746AFF25-DDC4-4D09-9795-50E6A7B289AF}"
EndProject
Project("{9A19103F-16F7-4668-BE54-9A1E7A4F7556}") = "BudgetTesting", "BudgetTesting\BudgetTesting.csproj", "{0E51446A-5F03-4F4A-874D-F911A796D174}"
EndProject
Project("{FAE04EC0-301F-11D3-BF4B-00C04F79EFBC}") = "TeamCopper_ControllerTesting", "TeamCopper_ControllerTesting\TeamCopper_ControllerTesting.csproj", "{5D01DBFA-5814-4385-8A0E-D50DDB1485D5}"
EndProject
Global
	GlobalSection(SolutionConfigurationPlatforms) = preSolution
		Debug|Any CPU = Debug|Any CPU
		Release|Any CPU = Release|Any CPU
	EndGlobalSection
	GlobalSection(ProjectConfigurationPlatforms) = postSolution
		{3C09B70E-A46C-4731-BC75-09967A4B0071}.Debug|Any CPU.ActiveCfg = Debug|Any CPU
		{3C09B70E-A46C-4731-BC75-09967A4B0071}.Debug|Any CPU.Build.0 = Debug|Any CPU
		{3C09B70E-A46C-4731-BC75-09967A4B0071}.Release|Any CPU.ActiveCfg = Release|Any CPU
		{3C09B70E-A46C-4731-BC75-09967A4B0071}.Release|Any CPU.Build.0 = Release|Any CPU
		{79050694-F803-4A85-9D96-DCC937CA2925}.Debug|Any CPU.ActiveCfg = Debug|Any CPU
		{79050694-F803-4A85-9D96-DCC937CA2925}.Debug|Any CPU.Build.0 = Debug|Any CPU
		{79050694-F803-4A85-9D96-DCC937CA2925}.Release|Any CPU.ActiveCfg = Release|Any CPU
		{79050694-F803-4A85-9D96-DCC937CA2925}.Release|Any CPU.Build.0 = Release|Any CPU
		{B26B1D3B-D7BC-41AE-8FC4-6A7B8B00DF55}.Debug|Any CPU.ActiveCfg = Debug|Any CPU
		{B26B1D3B-D7BC-41AE-8FC4-6A7B8B00DF55}.Debug|Any CPU.Build.0 = Debug|Any CPU
		{B26B1D3B-D7BC-41AE-8FC4-6A7B8B00DF55}.Release|Any CPU.ActiveCfg = Release|Any CPU
		{B26B1D3B-D7BC-41AE-8FC4-6A7B8B00DF55}.Release|Any CPU.Build.0 = Release|Any CPU
		{02A92AF9-137D-4F96-B565-62F5855A43A2}.Debug|Any CPU.ActiveCfg = Debug|Any CPU
		{02A92AF9-137D-4F96-B565-62F5855A43A2}.Debug|Any CPU.Build.0 = Debug|Any CPU
		{02A92AF9-137D-4F96-B565-62F5855A43A2}.Release|Any CPU.ActiveCfg = Release|Any CPU
		{02A92AF9-137D-4F96-B565-62F5855A43A2}.Release|Any CPU.Build.0 = Release|Any CPU
		{F444AA16-18C2-4568-B73C-59A9545A88CB}.Debug|Any CPU.ActiveCfg = Debug|Any CPU
		{F444AA16-18C2-4568-B73C-59A9545A88CB}.Debug|Any CPU.Build.0 = Debug|Any CPU
		{F444AA16-18C2-4568-B73C-59A9545A88CB}.Release|Any CPU.ActiveCfg = Release|Any CPU
		{F444AA16-18C2-4568-B73C-59A9545A88CB}.Release|Any CPU.Build.0 = Release|Any CPU
		{746AFF25-DDC4-4D09-9795-50E6A7B289AF}.Debug|Any CPU.ActiveCfg = Debug|Any CPU
		{746AFF25-DDC4-4D09-9795-50E6A7B289AF}.Debug|Any CPU.Build.0 = Debug|Any CPU
		{746AFF25-DDC4-4D09-9795-50E6A7B289AF}.Release|Any CPU.ActiveCfg = Release|Any CPU
		{746AFF25-DDC4-4D09-9795-50E6A7B289AF}.Release|Any CPU.Build.0 = Release|Any CPU
		{0E51446A-5F03-4F4A-874D-F911A796D174}.Debug|Any CPU.ActiveCfg = Debug|Any CPU
		{0E51446A-5F03-4F4A-874D-F911A796D174}.Debug|Any CPU.Build.0 = Debug|Any CPU
		{0E51446A-5F03-4F4A-874D-F911A796D174}.Release|Any CPU.ActiveCfg = Release|Any CPU
		{0E51446A-5F03-4F4A-874D-F911A796D174}.Release|Any CPU.Build.0 = Release|Any CPU
		{5D01DBFA-5814-4385-8A0E-D50DDB1485D5}.Debug|Any CPU.ActiveCfg = Debug|Any CPU
		{5D01DBFA-5814-4385-8A0E-D50DDB1485D5}.Debug|Any CPU.Build.0 = Debug|Any CPU
		{5D01DBFA-5814-4385-8A0E-D50DDB1485D5}.Release|Any CPU.ActiveCfg = Release|Any CPU
		{5D01DBFA-5814-4385-8A0E-D50DDB1485D5}.Release|Any CPU.Build.0 = Release|Any CPU
	EndGlobalSection
	GlobalSection(SolutionProperties) = preSolution
		HideSolutionNode = FALSE
	EndGlobalSection
	GlobalSection(ExtensibilityGlobals) = postSolution
		SolutionGuid = {BC6FB40A-C7DD-4D0D-B2C0-06972AC46B95}
	EndGlobalSection
EndGlobal
